// !$*UTF8*$!
{
	archiveVersion = 1;
	classes = {
	};
	objectVersion = 50;
	objects = {

/* Begin PBXBuildFile section */
		2C016A3B229CADCD00CA89BB /* AppDelegate.swift in Sources */ = {isa = PBXBuildFile; fileRef = 2C016A3A229CADCD00CA89BB /* AppDelegate.swift */; };
		2C016A3D229CADCD00CA89BB /* ViewController.swift in Sources */ = {isa = PBXBuildFile; fileRef = 2C016A3C229CADCD00CA89BB /* ViewController.swift */; };
		2C016A40229CADCD00CA89BB /* Main.storyboard in Resources */ = {isa = PBXBuildFile; fileRef = 2C016A3E229CADCD00CA89BB /* Main.storyboard */; };
		2C016A42229CADCE00CA89BB /* Assets.xcassets in Resources */ = {isa = PBXBuildFile; fileRef = 2C016A41229CADCE00CA89BB /* Assets.xcassets */; };
		2C016A45229CADCE00CA89BB /* LaunchScreen.storyboard in Resources */ = {isa = PBXBuildFile; fileRef = 2C016A43229CADCE00CA89BB /* LaunchScreen.storyboard */; };
		2C016A50229CADCE00CA89BB /* ProductTests.swift in Sources */ = {isa = PBXBuildFile; fileRef = 2C016A4F229CADCE00CA89BB /* ProductTests.swift */; };
		2C016A5B229CADCE00CA89BB /* ProductUITests.swift in Sources */ = {isa = PBXBuildFile; fileRef = 2C016A5A229CADCE00CA89BB /* ProductUITests.swift */; };
/* End PBXBuildFile section */

/* Begin PBXContainerItemProxy section */
		2C016A4C229CADCE00CA89BB /* PBXContainerItemProxy */ = {
			isa = PBXContainerItemProxy;
			containerPortal = 2C016A2F229CADCD00CA89BB /* Project object */;
			proxyType = 1;
			remoteGlobalIDString = 2C016A36229CADCD00CA89BB;
			remoteInfo = Product;
		};
		2C016A57229CADCE00CA89BB /* PBXContainerItemProxy */ = {
			isa = PBXContainerItemProxy;
			containerPortal = 2C016A2F229CADCD00CA89BB /* Project object */;
			proxyType = 1;
			remoteGlobalIDString = 2C016A36229CADCD00CA89BB;
			remoteInfo = Product;
		};
/* End PBXContainerItemProxy section */

/* Begin PBXFileReference section */
		2C016A37229CADCD00CA89BB /* Product.app */ = {isa = PBXFileReference; explicitFileType = wrapper.application; includeInIndex = 0; path = Product.app; sourceTree = BUILT_PRODUCTS_DIR; };
		2C016A3A229CADCD00CA89BB /* AppDelegate.swift */ = {isa = PBXFileReference; lastKnownFileType = sourcecode.swift; path = AppDelegate.swift; sourceTree = "<group>"; };
		2C016A3C229CADCD00CA89BB /* ViewController.swift */ = {isa = PBXFileReference; lastKnownFileType = sourcecode.swift; path = ViewController.swift; sourceTree = "<group>"; };
		2C016A3F229CADCD00CA89BB /* Base */ = {isa = PBXFileReference; lastKnownFileType = file.storyboard; name = Base; path = Base.lproj/Main.storyboard; sourceTree = "<group>"; };
		2C016A41229CADCE00CA89BB /* Assets.xcassets */ = {isa = PBXFileReference; lastKnownFileType = folder.assetcatalog; path = Assets.xcassets; sourceTree = "<group>"; };
		2C016A44229CADCE00CA89BB /* Base */ = {isa = PBXFileReference; lastKnownFileType = file.storyboard; name = Base; path = Base.lproj/LaunchScreen.storyboard; sourceTree = "<group>"; };
		2C016A46229CADCE00CA89BB /* Info.plist */ = {isa = PBXFileReference; lastKnownFileType = text.plist.xml; path = Info.plist; sourceTree = "<group>"; };
		2C016A4B229CADCE00CA89BB /* ProductTests.xctest */ = {isa = PBXFileReference; explicitFileType = wrapper.cfbundle; includeInIndex = 0; path = ProductTests.xctest; sourceTree = BUILT_PRODUCTS_DIR; };
		2C016A4F229CADCE00CA89BB /* ProductTests.swift */ = {isa = PBXFileReference; lastKnownFileType = sourcecode.swift; path = ProductTests.swift; sourceTree = "<group>"; };
		2C016A51229CADCE00CA89BB /* Info.plist */ = {isa = PBXFileReference; lastKnownFileType = text.plist.xml; path = Info.plist; sourceTree = "<group>"; };
		2C016A56229CADCE00CA89BB /* ProductUITests.xctest */ = {isa = PBXFileReference; explicitFileType = wrapper.cfbundle; includeInIndex = 0; path = ProductUITests.xctest; sourceTree = BUILT_PRODUCTS_DIR; };
		2C016A5A229CADCE00CA89BB /* ProductUITests.swift */ = {isa = PBXFileReference; lastKnownFileType = sourcecode.swift; path = ProductUITests.swift; sourceTree = "<group>"; };
		2C016A5C229CADCE00CA89BB /* Info.plist */ = {isa = PBXFileReference; lastKnownFileType = text.plist.xml; path = Info.plist; sourceTree = "<group>"; };
/* End PBXFileReference section */

/* Begin PBXFrameworksBuildPhase section */
		2C016A34229CADCD00CA89BB /* Frameworks */ = {
			isa = PBXFrameworksBuildPhase;
			buildActionMask = 2147483647;
			files = (
			);
			runOnlyForDeploymentPostprocessing = 0;
		};
		2C016A48229CADCE00CA89BB /* Frameworks */ = {
			isa = PBXFrameworksBuildPhase;
			buildActionMask = 2147483647;
			files = (
			);
			runOnlyForDeploymentPostprocessing = 0;
		};
		2C016A53229CADCE00CA89BB /* Frameworks */ = {
			isa = PBXFrameworksBuildPhase;
			buildActionMask = 2147483647;
			files = (
			);
			runOnlyForDeploymentPostprocessing = 0;
		};
/* End PBXFrameworksBuildPhase section */

/* Begin PBXGroup section */
		2C016A2E229CADCD00CA89BB = {
			isa = PBXGroup;
			children = (
				2C016A39229CADCD00CA89BB /* Product */,
				2C016A4E229CADCE00CA89BB /* ProductTests */,
				2C016A59229CADCE00CA89BB /* ProductUITests */,
				2C016A38229CADCD00CA89BB /* Products */,
			);
			sourceTree = "<group>";
		};
		2C016A38229CADCD00CA89BB /* Products */ = {
			isa = PBXGroup;
			children = (
				2C016A37229CADCD00CA89BB /* Product.app */,
				2C016A4B229CADCE00CA89BB /* ProductTests.xctest */,
				2C016A56229CADCE00CA89BB /* ProductUITests.xctest */,
			);
			name = Products;
			sourceTree = "<group>";
		};
		2C016A39229CADCD00CA89BB /* Product */ = {
			isa = PBXGroup;
			children = (
				2C016A3A229CADCD00CA89BB /* AppDelegate.swift */,
				2C016A3C229CADCD00CA89BB /* ViewController.swift */,
				2C016A3E229CADCD00CA89BB /* Main.storyboard */,
				2C016A41229CADCE00CA89BB /* Assets.xcassets */,
				2C016A43229CADCE00CA89BB /* LaunchScreen.storyboard */,
				2C016A46229CADCE00CA89BB /* Info.plist */,
			);
			path = Product;
			sourceTree = "<group>";
		};
		2C016A4E229CADCE00CA89BB /* ProductTests */ = {
			isa = PBXGroup;
			children = (
				2C016A4F229CADCE00CA89BB /* ProductTests.swift */,
				2C016A51229CADCE00CA89BB /* Info.plist */,
			);
			path = ProductTests;
			sourceTree = "<group>";
		};
		2C016A59229CADCE00CA89BB /* ProductUITests */ = {
			isa = PBXGroup;
			children = (
				2C016A5A229CADCE00CA89BB /* ProductUITests.swift */,
				2C016A5C229CADCE00CA89BB /* Info.plist */,
			);
			path = ProductUITests;
			sourceTree = "<group>";
		};
/* End PBXGroup section */

/* Begin PBXNativeTarget section */
		2C016A36229CADCD00CA89BB /* Product */ = {
			isa = PBXNativeTarget;
			buildConfigurationList = 2C016A5F229CADCE00CA89BB /* Build configuration list for PBXNativeTarget "Product" */;
			buildPhases = (
				2C016A33229CADCD00CA89BB /* Sources */,
				2C016A34229CADCD00CA89BB /* Frameworks */,
				2C016A35229CADCD00CA89BB /* Resources */,
			);
			buildRules = (
			);
			dependencies = (
			);
			name = Product;
			productName = Product;
			productReference = 2C016A37229CADCD00CA89BB /* Product.app */;
			productType = "com.apple.product-type.application";
		};
		2C016A4A229CADCE00CA89BB /* ProductTests */ = {
			isa = PBXNativeTarget;
			buildConfigurationList = 2C016A62229CADCE00CA89BB /* Build configuration list for PBXNativeTarget "ProductTests" */;
			buildPhases = (
				2C016A47229CADCE00CA89BB /* Sources */,
				2C016A48229CADCE00CA89BB /* Frameworks */,
				2C016A49229CADCE00CA89BB /* Resources */,
			);
			buildRules = (
			);
			dependencies = (
				2C016A4D229CADCE00CA89BB /* PBXTargetDependency */,
			);
			name = ProductTests;
			productName = ProductTests;
			productReference = 2C016A4B229CADCE00CA89BB /* ProductTests.xctest */;
			productType = "com.apple.product-type.bundle.unit-test";
		};
		2C016A55229CADCE00CA89BB /* ProductUITests */ = {
			isa = PBXNativeTarget;
			buildConfigurationList = 2C016A65229CADCE00CA89BB /* Build configuration list for PBXNativeTarget "ProductUITests" */;
			buildPhases = (
				2C016A52229CADCE00CA89BB /* Sources */,
				2C016A53229CADCE00CA89BB /* Frameworks */,
				2C016A54229CADCE00CA89BB /* Resources */,
			);
			buildRules = (
			);
			dependencies = (
				2C016A58229CADCE00CA89BB /* PBXTargetDependency */,
			);
			name = ProductUITests;
			productName = ProductUITests;
			productReference = 2C016A56229CADCE00CA89BB /* ProductUITests.xctest */;
			productType = "com.apple.product-type.bundle.ui-testing";
		};
/* End PBXNativeTarget section */

/* Begin PBXProject section */
		2C016A2F229CADCD00CA89BB /* Project object */ = {
			isa = PBXProject;
			attributes = {
				LastSwiftUpdateCheck = 1020;
				LastUpgradeCheck = 1020;
				ORGANIZATIONNAME = "Navdeep Boparai";
				TargetAttributes = {
					2C016A36229CADCD00CA89BB = {
						CreatedOnToolsVersion = 10.2.1;
					};
					2C016A4A229CADCE00CA89BB = {
						CreatedOnToolsVersion = 10.2.1;
						TestTargetID = 2C016A36229CADCD00CA89BB;
					};
					2C016A55229CADCE00CA89BB = {
						CreatedOnToolsVersion = 10.2.1;
						TestTargetID = 2C016A36229CADCD00CA89BB;
					};
				};
			};
			buildConfigurationList = 2C016A32229CADCD00CA89BB /* Build configuration list for PBXProject "Product" */;
			compatibilityVersion = "Xcode 9.3";
			developmentRegion = en;
			hasScannedForEncodings = 0;
			knownRegions = (
				en,
				Base,
			);
			mainGroup = 2C016A2E229CADCD00CA89BB;
			productRefGroup = 2C016A38229CADCD00CA89BB /* Products */;
			projectDirPath = "";
			projectRoot = "";
			targets = (
				2C016A36229CADCD00CA89BB /* Product */,
				2C016A4A229CADCE00CA89BB /* ProductTests */,
				2C016A55229CADCE00CA89BB /* ProductUITests */,
			);
		};
/* End PBXProject section */

/* Begin PBXResourcesBuildPhase section */
		2C016A35229CADCD00CA89BB /* Resources */ = {
			isa = PBXResourcesBuildPhase;
			buildActionMask = 2147483647;
			files = (
				2C016A45229CADCE00CA89BB /* LaunchScreen.storyboard in Resources */,
				2C016A42229CADCE00CA89BB /* Assets.xcassets in Resources */,
				2C016A40229CADCD00CA89BB /* Main.storyboard in Resources */,
			);
			runOnlyForDeploymentPostprocessing = 0;
		};
		2C016A49229CADCE00CA89BB /* Resources */ = {
			isa = PBXResourcesBuildPhase;
			buildActionMask = 2147483647;
			files = (
			);
			runOnlyForDeploymentPostprocessing = 0;
		};
		2C016A54229CADCE00CA89BB /* Resources */ = {
			isa = PBXResourcesBuildPhase;
			buildActionMask = 2147483647;
			files = (
			);
			runOnlyForDeploymentPostprocessing = 0;
		};
/* End PBXResourcesBuildPhase section */

/* Begin PBXSourcesBuildPhase section */
		2C016A33229CADCD00CA89BB /* Sources */ = {
			isa = PBXSourcesBuildPhase;
			buildActionMask = 2147483647;
			files = (
				2C016A3D229CADCD00CA89BB /* ViewController.swift in Sources */,
				2C016A3B229CADCD00CA89BB /* AppDelegate.swift in Sources */,
			);
			runOnlyForDeploymentPostprocessing = 0;
		};
		2C016A47229CADCE00CA89BB /* Sources */ = {
			isa = PBXSourcesBuildPhase;
			buildActionMask = 2147483647;
			files = (
				2C016A50229CADCE00CA89BB /* ProductTests.swift in Sources */,
			);
			runOnlyForDeploymentPostprocessing = 0;
		};
		2C016A52229CADCE00CA89BB /* Sources */ = {
			isa = PBXSourcesBuildPhase;
			buildActionMask = 2147483647;
			files = (
				2C016A5B229CADCE00CA89BB /* ProductUITests.swift in Sources */,
			);
			runOnlyForDeploymentPostprocessing = 0;
		};
/* End PBXSourcesBuildPhase section */

/* Begin PBXTargetDependency section */
		2C016A4D229CADCE00CA89BB /* PBXTargetDependency */ = {
			isa = PBXTargetDependency;
			target = 2C016A36229CADCD00CA89BB /* Product */;
			targetProxy = 2C016A4C229CADCE00CA89BB /* PBXContainerItemProxy */;
		};
		2C016A58229CADCE00CA89BB /* PBXTargetDependency */ = {
			isa = PBXTargetDependency;
			target = 2C016A36229CADCD00CA89BB /* Product */;
			targetProxy = 2C016A57229CADCE00CA89BB /* PBXContainerItemProxy */;
		};
/* End PBXTargetDependency section */

/* Begin PBXVariantGroup section */
		2C016A3E229CADCD00CA89BB /* Main.storyboard */ = {
			isa = PBXVariantGroup;
			children = (
				2C016A3F229CADCD00CA89BB /* Base */,
			);
			name = Main.storyboard;
			sourceTree = "<group>";
		};
		2C016A43229CADCE00CA89BB /* LaunchScreen.storyboard */ = {
			isa = PBXVariantGroup;
			children = (
				2C016A44229CADCE00CA89BB /* Base */,
			);
			name = LaunchScreen.storyboard;
			sourceTree = "<group>";
		};
/* End PBXVariantGroup section */

/* Begin XCBuildConfiguration section */
		2C016A5D229CADCE00CA89BB /* Debug */ = {
			isa = XCBuildConfiguration;
			buildSettings = {
				ALWAYS_SEARCH_USER_PATHS = NO;
				CLANG_ANALYZER_NONNULL = YES;
				CLANG_ANALYZER_NUMBER_OBJECT_CONVERSION = YES_AGGRESSIVE;
				CLANG_CXX_LANGUAGE_STANDARD = "gnu++14";
				CLANG_CXX_LIBRARY = "libc++";
				CLANG_ENABLE_MODULES = YES;
				CLANG_ENABLE_OBJC_ARC = YES;
				CLANG_ENABLE_OBJC_WEAK = YES;
				CLANG_WARN_BLOCK_CAPTURE_AUTORELEASING = YES;
				CLANG_WARN_BOOL_CONVERSION = YES;
				CLANG_WARN_COMMA = YES;
				CLANG_WARN_CONSTANT_CONVERSION = YES;
				CLANG_WARN_DEPRECATED_OBJC_IMPLEMENTATIONS = YES;
				CLANG_WARN_DIRECT_OBJC_ISA_USAGE = YES_ERROR;
				CLANG_WARN_DOCUMENTATION_COMMENTS = YES;
				CLANG_WARN_EMPTY_BODY = YES;
				CLANG_WARN_ENUM_CONVERSION = YES;
				CLANG_WARN_INFINITE_RECURSION = YES;
				CLANG_WARN_INT_CONVERSION = YES;
				CLANG_WARN_NON_LITERAL_NULL_CONVERSION = YES;
				CLANG_WARN_OBJC_IMPLICIT_RETAIN_SELF = YES;
				CLANG_WARN_OBJC_LITERAL_CONVERSION = YES;
				CLANG_WARN_OBJC_ROOT_CLASS = YES_ERROR;
				CLANG_WARN_RANGE_LOOP_ANALYSIS = YES;
				CLANG_WARN_STRICT_PROTOTYPES = YES;
				CLANG_WARN_SUSPICIOUS_MOVE = YES;
				CLANG_WARN_UNGUARDED_AVAILABILITY = YES_AGGRESSIVE;
				CLANG_WARN_UNREACHABLE_CODE = YES;
				CLANG_WARN__DUPLICATE_METHOD_MATCH = YES;
				CODE_SIGN_IDENTITY = "iPhone Developer";
				COPY_PHASE_STRIP = NO;
				DEBUG_INFORMATION_FORMAT = dwarf;
				ENABLE_STRICT_OBJC_MSGSEND = YES;
				ENABLE_TESTABILITY = YES;
				GCC_C_LANGUAGE_STANDARD = gnu11;
				GCC_DYNAMIC_NO_PIC = NO;
				GCC_NO_COMMON_BLOCKS = YES;
				GCC_OPTIMIZATION_LEVEL = 0;
				GCC_PREPROCESSOR_DEFINITIONS = (
					"DEBUG=1",
					"$(inherited)",
				);
				GCC_WARN_64_TO_32_BIT_CONVERSION = YES;
				GCC_WARN_ABOUT_RETURN_TYPE = YES_ERROR;
				GCC_WARN_UNDECLARED_SELECTOR = YES;
				GCC_WARN_UNINITIALIZED_AUTOS = YES_AGGRESSIVE;
				GCC_WARN_UNUSED_FUNCTION = YES;
				GCC_WARN_UNUSED_VARIABLE = YES;
				IPHONEOS_DEPLOYMENT_TARGET = 12.2;
				MTL_ENABLE_DEBUG_INFO = INCLUDE_SOURCE;
				MTL_FAST_MATH = YES;
				ONLY_ACTIVE_ARCH = YES;
				SDKROOT = iphoneos;
				SWIFT_ACTIVE_COMPILATION_CONDITIONS = DEBUG;
				SWIFT_OPTIMIZATION_LEVEL = "-Onone";
			};
			name = Debug;
		};
		2C016A5E229CADCE00CA89BB /* Release */ = {
			isa = XCBuildConfiguration;
			buildSettings = {
				ALWAYS_SEARCH_USER_PATHS = NO;
				CLANG_ANALYZER_NONNULL = YES;
				CLANG_ANALYZER_NUMBER_OBJECT_CONVERSION = YES_AGGRESSIVE;
				CLANG_CXX_LANGUAGE_STANDARD = "gnu++14";
				CLANG_CXX_LIBRARY = "libc++";
				CLANG_ENABLE_MODULES = YES;
				CLANG_ENABLE_OBJC_ARC = YES;
				CLANG_ENABLE_OBJC_WEAK = YES;
				CLANG_WARN_BLOCK_CAPTURE_AUTORELEASING = YES;
				CLANG_WARN_BOOL_CONVERSION = YES;
				CLANG_WARN_COMMA = YES;
				CLANG_WARN_CONSTANT_CONVERSION = YES;
				CLANG_WARN_DEPRECATED_OBJC_IMPLEMENTATIONS = YES;
				CLANG_WARN_DIRECT_OBJC_ISA_USAGE = YES_ERROR;
				CLANG_WARN_DOCUMENTATION_COMMENTS = YES;
				CLANG_WARN_EMPTY_BODY = YES;
				CLANG_WARN_ENUM_CONVERSION = YES;
				CLANG_WARN_INFINITE_RECURSION = YES;
				CLANG_WARN_INT_CONVERSION = YES;
				CLANG_WARN_NON_LITERAL_NULL_CONVERSION = YES;
				CLANG_WARN_OBJC_IMPLICIT_RETAIN_SELF = YES;
				CLANG_WARN_OBJC_LITERAL_CONVERSION = YES;
				CLANG_WARN_OBJC_ROOT_CLASS = YES_ERROR;
				CLANG_WARN_RANGE_LOOP_ANALYSIS = YES;
				CLANG_WARN_STRICT_PROTOTYPES = YES;
				CLANG_WARN_SUSPICIOUS_MOVE = YES;
				CLANG_WARN_UNGUARDED_AVAILABILITY = YES_AGGRESSIVE;
				CLANG_WARN_UNREACHABLE_CODE = YES;
				CLANG_WARN__DUPLICATE_METHOD_MATCH = YES;
				CODE_SIGN_IDENTITY = "iPhone Developer";
				COPY_PHASE_STRIP = NO;
				DEBUG_INFORMATION_FORMAT = "dwarf-with-dsym";
				ENABLE_NS_ASSERTIONS = NO;
				ENABLE_STRICT_OBJC_MSGSEND = YES;
				GCC_C_LANGUAGE_STANDARD = gnu11;
				GCC_NO_COMMON_BLOCKS = YES;
				GCC_WARN_64_TO_32_BIT_CONVERSION = YES;
				GCC_WARN_ABOUT_RETURN_TYPE = YES_ERROR;
				GCC_WARN_UNDECLARED_SELECTOR = YES;
				GCC_WARN_UNINITIALIZED_AUTOS = YES_AGGRESSIVE;
				GCC_WARN_UNUSED_FUNCTION = YES;
				GCC_WARN_UNUSED_VARIABLE = YES;
				IPHONEOS_DEPLOYMENT_TARGET = 12.2;
				MTL_ENABLE_DEBUG_INFO = NO;
				MTL_FAST_MATH = YES;
				SDKROOT = iphoneos;
				SWIFT_COMPILATION_MODE = wholemodule;
				SWIFT_OPTIMIZATION_LEVEL = "-O";
				VALIDATE_PRODUCT = YES;
			};
			name = Release;
		};
		2C016A60229CADCE00CA89BB /* Debug */ = {
			isa = XCBuildConfiguration;
			buildSettings = {
				ASSETCATALOG_COMPILER_APPICON_NAME = AppIcon;
				CODE_SIGN_STYLE = Automatic;
				INFOPLIST_FILE = Product/Info.plist;
				LD_RUNPATH_SEARCH_PATHS = (
					"$(inherited)",
					"@executable_path/Frameworks",
				);
				PRODUCT_BUNDLE_IDENTIFIER = com.trios.HelloWorld.Product;
				PRODUCT_NAME = "$(TARGET_NAME)";
				SWIFT_VERSION = 5.0;
				TARGETED_DEVICE_FAMILY = "1,2";
			};
			name = Debug;
		};
		2C016A61229CADCE00CA89BB /* Release */ = {
			isa = XCBuildConfiguration;
			buildSettings = {
				ASSETCATALOG_COMPILER_APPICON_NAME = AppIcon;
				CODE_SIGN_STYLE = Automatic;
				INFOPLIST_FILE = Product/Info.plist;
				LD_RUNPATH_SEARCH_PATHS = (
					"$(inherited)",
					"@executable_path/Frameworks",
				);
				PRODUCT_BUNDLE_IDENTIFIER = com.trios.HelloWorld.Product;
				PRODUCT_NAME = "$(TARGET_NAME)";
				SWIFT_VERSION = 5.0;
				TARGETED_DEVICE_FAMILY = "1,2";
			};
			name = Release;
		};
		2C016A63229CADCE00CA89BB /* Debug */ = {
			isa = XCBuildConfiguration;
			buildSettings = {
				ALWAYS_EMBED_SWIFT_STANDARD_LIBRARIES = YES;
				BUNDLE_LOADER = "$(TEST_HOST)";
				CODE_SIGN_STYLE = Automatic;
				INFOPLIST_FILE = ProductTests/Info.plist;
				LD_RUNPATH_SEARCH_PATHS = (
					"$(inherited)",
					"@executable_path/Frameworks",
					"@loader_path/Frameworks",
				);
				PRODUCT_BUNDLE_IDENTIFIER = com.trios.HelloWorld.ProductTests;
				PRODUCT_NAME = "$(TARGET_NAME)";
				SWIFT_VERSION = 5.0;
				TARGETED_DEVICE_FAMILY = "1,2";
				TEST_HOST = "$(BUILT_PRODUCTS_DIR)/Product.app/Product";
			};
			name = Debug;
		};
		2C016A64229CADCE00CA89BB /* Release */ = {
			isa = XCBuildConfiguration;
			buildSettings = {
				ALWAYS_EMBED_SWIFT_STANDARD_LIBRARIES = YES;
				BUNDLE_LOADER = "$(TEST_HOST)";
				CODE_SIGN_STYLE = Automatic;
				INFOPLIST_FILE = ProductTests/Info.plist;
				LD_RUNPATH_SEARCH_PATHS = (
					"$(inherited)",
					"@executable_path/Frameworks",
					"@loader_path/Frameworks",
				);
				PRODUCT_BUNDLE_IDENTIFIER = com.trios.HelloWorld.ProductTests;
				PRODUCT_NAME = "$(TARGET_NAME)";
				SWIFT_VERSION = 5.0;
				TARGETED_DEVICE_FAMILY = "1,2";
				TEST_HOST = "$(BUILT_PRODUCTS_DIR)/Product.app/Product";
			};
			name = Release;
		};
		2C016A66229CADCE00CA89BB /* Debug */ = {
			isa = XCBuildConfiguration;
			buildSettings = {
				ALWAYS_EMBED_SWIFT_STANDARD_LIBRARIES = YES;
				CODE_SIGN_STYLE = Automatic;
				INFOPLIST_FILE = ProductUITests/Info.plist;
				LD_RUNPATH_SEARCH_PATHS = (
					"$(inherited)",
					"@executable_path/Frameworks",
					"@loader_path/Frameworks",
				);
				PRODUCT_BUNDLE_IDENTIFIER = com.trios.HelloWorld.ProductUITests;
				PRODUCT_NAME = "$(TARGET_NAME)";
				SWIFT_VERSION = 5.0;
				TARGETED_DEVICE_FAMILY = "1,2";
				TEST_TARGET_NAME = Product;
			};
			name = Debug;
		};
		2C016A67229CADCE00CA89BB /* Release */ = {
			isa = XCBuildConfiguration;
			buildSettings = {
				ALWAYS_EMBED_SWIFT_STANDARD_LIBRARIES = YES;
				CODE_SIGN_STYLE = Automatic;
				INFOPLIST_FILE = ProductUITests/Info.plist;
				LD_RUNPATH_SEARCH_PATHS = (
					"$(inherited)",
					"@executable_path/Frameworks",
					"@loader_path/Frameworks",
				);
				PRODUCT_BUNDLE_IDENTIFIER = com.trios.HelloWorld.ProductUITests;
				PRODUCT_NAME = "$(TARGET_NAME)";
				SWIFT_VERSION = 5.0;
				TARGETED_DEVICE_FAMILY = "1,2";
				TEST_TARGET_NAME = Product;
			};
			name = Release;
		};
/* End XCBuildConfiguration section */

/* Begin XCConfigurationList section */
		2C016A32229CADCD00CA89BB /* Build configuration list for PBXProject "Product" */ = {
			isa = XCConfigurationList;
			buildConfigurations = (
				2C016A5D229CADCE00CA89BB /* Debug */,
				2C016A5E229CADCE00CA89BB /* Release */,
			);
			defaultConfigurationIsVisible = 0;
			defaultConfigurationName = Release;
		};
		2C016A5F229CADCE00CA89BB /* Build configuration list for PBXNativeTarget "Product" */ = {
			isa = XCConfigurationList;
			buildConfigurations = (
				2C016A60229CADCE00CA89BB /* Debug */,
				2C016A61229CADCE00CA89BB /* Release */,
			);
			defaultConfigurationIsVisible = 0;
			defaultConfigurationName = Release;
		};
		2C016A62229CADCE00CA89BB /* Build configuration list for PBXNativeTarget "ProductTests" */ = {
			isa = XCConfigurationList;
			buildConfigurations = (
				2C016A63229CADCE00CA89BB /* Debug */,
				2C016A64229CADCE00CA89BB /* Release */,
			);
			defaultConfigurationIsVisible = 0;
			defaultConfigurationName = Release;
		};
		2C016A65229CADCE00CA89BB /* Build configuration list for PBXNativeTarget "ProductUITests" */ = {
			isa = XCConfigurationList;
			buildConfigurations = (
				2C016A66229CADCE00CA89BB /* Debug */,
				2C016A67229CADCE00CA89BB /* Release */,
			);
			defaultConfigurationIsVisible = 0;
			defaultConfigurationName = Release;
		};
/* End XCConfigurationList section */
	};
	rootObject = 2C016A2F229CADCD00CA89BB /* Project object */;
}
